// !$*UTF8*$!
{
	archiveVersion = 1;
	classes = {
	};
	objectVersion = 50;
	objects = {

/* Begin PBXBuildFile section */
		1E4E6F0E234024C300CE19AC /* UdacityClient.swift in Sources */ = {isa = PBXBuildFile; fileRef = 1E4E6F0D234024C300CE19AC /* UdacityClient.swift */; };
		1E4E6F1023402A0400CE19AC /* LocationsListTableVC.swift in Sources */ = {isa = PBXBuildFile; fileRef = 1E4E6F0F23402A0400CE19AC /* LocationsListTableVC.swift */; };
		1E4E6F1223402AB400CE19AC /* AddLocationVC.swift in Sources */ = {isa = PBXBuildFile; fileRef = 1E4E6F1123402AB400CE19AC /* AddLocationVC.swift */; };
		1E4E6F1423402B1E00CE19AC /* MapVC.swift in Sources */ = {isa = PBXBuildFile; fileRef = 1E4E6F1323402B1E00CE19AC /* MapVC.swift */; };
		1E549CD0236F93660031FB46 /* LocationsData.swift in Sources */ = {isa = PBXBuildFile; fileRef = 1E549CCF236F93660031FB46 /* LocationsData.swift */; };
		1E549CD22374C7F30031FB46 /* SubmitLocationVC.swift in Sources */ = {isa = PBXBuildFile; fileRef = 1E549CD12374C7F30031FB46 /* SubmitLocationVC.swift */; };
		1E71C7082329BCFF0034A1E6 /* AppDelegate.swift in Sources */ = {isa = PBXBuildFile; fileRef = 1E71C7072329BCFF0034A1E6 /* AppDelegate.swift */; };
		1E71C70A2329BCFF0034A1E6 /* LogInVC.swift in Sources */ = {isa = PBXBuildFile; fileRef = 1E71C7092329BCFF0034A1E6 /* LogInVC.swift */; };
		1E71C70D2329BCFF0034A1E6 /* Main.storyboard in Resources */ = {isa = PBXBuildFile; fileRef = 1E71C70B2329BCFF0034A1E6 /* Main.storyboard */; };
		1E71C70F2329BD010034A1E6 /* Assets.xcassets in Resources */ = {isa = PBXBuildFile; fileRef = 1E71C70E2329BD010034A1E6 /* Assets.xcassets */; };
		1E71C7122329BD010034A1E6 /* LaunchScreen.storyboard in Resources */ = {isa = PBXBuildFile; fileRef = 1E71C7102329BD010034A1E6 /* LaunchScreen.storyboard */; };
		1E71C71E2329BE250034A1E6 /* ONTMClient.swift in Sources */ = {isa = PBXBuildFile; fileRef = 1E71C71D2329BE250034A1E6 /* ONTMClient.swift */; };
		1E78287B2380AD93002E2E51 /* ViewControlerAndTextFieldDelegate.swift in Sources */ = {isa = PBXBuildFile; fileRef = 1E78287A2380AD93002E2E51 /* ViewControlerAndTextFieldDelegate.swift */; };
		1EBE7F4423480CEF0049AE24 /* StudentLocation.swift in Sources */ = {isa = PBXBuildFile; fileRef = 1EBE7F4323480CEF0049AE24 /* StudentLocation.swift */; };
		1EBE7F46234D77CC0049AE24 /* SessionResponse.swift in Sources */ = {isa = PBXBuildFile; fileRef = 1EBE7F45234D77CC0049AE24 /* SessionResponse.swift */; };
		1EBE7F48234E9C520049AE24 /* PostLocationResponse.swift in Sources */ = {isa = PBXBuildFile; fileRef = 1EBE7F47234E9C520049AE24 /* PostLocationResponse.swift */; };
		1EBE7F4A234E9D070049AE24 /* PutStudentLocationResponse.swift in Sources */ = {isa = PBXBuildFile; fileRef = 1EBE7F49234E9D070049AE24 /* PutStudentLocationResponse.swift */; };
/* End PBXBuildFile section */

/* Begin PBXFileReference section */
		1E4E6F0D234024C300CE19AC /* UdacityClient.swift */ = {isa = PBXFileReference; lastKnownFileType = sourcecode.swift; path = UdacityClient.swift; sourceTree = "<group>"; };
		1E4E6F0F23402A0400CE19AC /* LocationsListTableVC.swift */ = {isa = PBXFileReference; lastKnownFileType = sourcecode.swift; path = LocationsListTableVC.swift; sourceTree = "<group>"; };
		1E4E6F1123402AB400CE19AC /* AddLocationVC.swift */ = {isa = PBXFileReference; lastKnownFileType = sourcecode.swift; path = AddLocationVC.swift; sourceTree = "<group>"; };
		1E4E6F1323402B1E00CE19AC /* MapVC.swift */ = {isa = PBXFileReference; lastKnownFileType = sourcecode.swift; path = MapVC.swift; sourceTree = "<group>"; };
		1E549CCF236F93660031FB46 /* LocationsData.swift */ = {isa = PBXFileReference; lastKnownFileType = sourcecode.swift; path = LocationsData.swift; sourceTree = "<group>"; };
		1E549CD12374C7F30031FB46 /* SubmitLocationVC.swift */ = {isa = PBXFileReference; lastKnownFileType = sourcecode.swift; path = SubmitLocationVC.swift; sourceTree = "<group>"; };
		1E71C7042329BCFF0034A1E6 /* OnTheMap.app */ = {isa = PBXFileReference; explicitFileType = wrapper.application; includeInIndex = 0; path = OnTheMap.app; sourceTree = BUILT_PRODUCTS_DIR; };
		1E71C7072329BCFF0034A1E6 /* AppDelegate.swift */ = {isa = PBXFileReference; lastKnownFileType = sourcecode.swift; path = AppDelegate.swift; sourceTree = "<group>"; };
		1E71C7092329BCFF0034A1E6 /* LogInVC.swift */ = {isa = PBXFileReference; lastKnownFileType = sourcecode.swift; path = LogInVC.swift; sourceTree = "<group>"; };
		1E71C70C2329BCFF0034A1E6 /* Base */ = {isa = PBXFileReference; lastKnownFileType = file.storyboard; name = Base; path = Base.lproj/Main.storyboard; sourceTree = "<group>"; };
		1E71C70E2329BD010034A1E6 /* Assets.xcassets */ = {isa = PBXFileReference; lastKnownFileType = folder.assetcatalog; path = Assets.xcassets; sourceTree = "<group>"; };
		1E71C7112329BD010034A1E6 /* Base */ = {isa = PBXFileReference; lastKnownFileType = file.storyboard; name = Base; path = Base.lproj/LaunchScreen.storyboard; sourceTree = "<group>"; };
		1E71C7132329BD010034A1E6 /* Info.plist */ = {isa = PBXFileReference; lastKnownFileType = text.plist.xml; path = Info.plist; sourceTree = "<group>"; };
		1E71C71D2329BE250034A1E6 /* ONTMClient.swift */ = {isa = PBXFileReference; lastKnownFileType = sourcecode.swift; path = ONTMClient.swift; sourceTree = "<group>"; };
		1E78287A2380AD93002E2E51 /* ViewControlerAndTextFieldDelegate.swift */ = {isa = PBXFileReference; lastKnownFileType = sourcecode.swift; path = ViewControlerAndTextFieldDelegate.swift; sourceTree = "<group>"; };
		1EBE7F4323480CEF0049AE24 /* StudentLocation.swift */ = {isa = PBXFileReference; lastKnownFileType = sourcecode.swift; path = StudentLocation.swift; sourceTree = "<group>"; };
		1EBE7F45234D77CC0049AE24 /* SessionResponse.swift */ = {isa = PBXFileReference; lastKnownFileType = sourcecode.swift; path = SessionResponse.swift; sourceTree = "<group>"; };
		1EBE7F47234E9C520049AE24 /* PostLocationResponse.swift */ = {isa = PBXFileReference; lastKnownFileType = sourcecode.swift; path = PostLocationResponse.swift; sourceTree = "<group>"; };
		1EBE7F49234E9D070049AE24 /* PutStudentLocationResponse.swift */ = {isa = PBXFileReference; lastKnownFileType = sourcecode.swift; path = PutStudentLocationResponse.swift; sourceTree = "<group>"; };
/* End PBXFileReference section */

/* Begin PBXFrameworksBuildPhase section */
		1E71C7012329BCFF0034A1E6 /* Frameworks */ = {
			isa = PBXFrameworksBuildPhase;
			buildActionMask = 2147483647;
			files = (
			);
			runOnlyForDeploymentPostprocessing = 0;
		};
/* End PBXFrameworksBuildPhase section */

/* Begin PBXGroup section */
		1E549CCE236F93350031FB46 /* Data */ = {
			isa = PBXGroup;
			children = (
				1E549CCF236F93660031FB46 /* LocationsData.swift */,
			);
			path = Data;
			sourceTree = "<group>";
		};
		1E71C6FB2329BCFF0034A1E6 = {
			isa = PBXGroup;
			children = (
				1E71C7062329BCFF0034A1E6 /* OnTheMap */,
				1E71C7052329BCFF0034A1E6 /* Products */,
			);
			sourceTree = "<group>";
		};
		1E71C7052329BCFF0034A1E6 /* Products */ = {
			isa = PBXGroup;
			children = (
				1E71C7042329BCFF0034A1E6 /* OnTheMap.app */,
			);
			name = Products;
			sourceTree = "<group>";
		};
		1E71C7062329BCFF0034A1E6 /* OnTheMap */ = {
			isa = PBXGroup;
			children = (
				1E71C7072329BCFF0034A1E6 /* AppDelegate.swift */,
				1E71C71A2329BDA00034A1E6 /* Model */,
				1E71C71B2329BDAB0034A1E6 /* View */,
				1E7828792380ACFD002E2E51 /* Delegates */,
				1E71C71C2329BDB40034A1E6 /* Controller */,
				1E71C7192329BD910034A1E6 /* Assets */,
				1E71C7132329BD010034A1E6 /* Info.plist */,
			);
			path = OnTheMap;
			sourceTree = "<group>";
		};
		1E71C7192329BD910034A1E6 /* Assets */ = {
			isa = PBXGroup;
			children = (
				1E71C70B2329BCFF0034A1E6 /* Main.storyboard */,
				1E71C70E2329BD010034A1E6 /* Assets.xcassets */,
				1E71C7102329BD010034A1E6 /* LaunchScreen.storyboard */,
			);
			path = Assets;
			sourceTree = "<group>";
		};
		1E71C71A2329BDA00034A1E6 /* Model */ = {
			isa = PBXGroup;
			children = (
				1E71C71D2329BE250034A1E6 /* ONTMClient.swift */,
				1E4E6F0D234024C300CE19AC /* UdacityClient.swift */,
				1E549CCE236F93350031FB46 /* Data */,
				1E71C71F2329BE440034A1E6 /* Request */,
				1E71C7202329BE560034A1E6 /* Responses */,
			);
			path = Model;
			sourceTree = "<group>";
		};
		1E71C71B2329BDAB0034A1E6 /* View */ = {
			isa = PBXGroup;
			children = (
			);
			path = View;
			sourceTree = "<group>";
		};
		1E71C71C2329BDB40034A1E6 /* Controller */ = {
			isa = PBXGroup;
			children = (
				1E71C7092329BCFF0034A1E6 /* LogInVC.swift */,
				1E4E6F0F23402A0400CE19AC /* LocationsListTableVC.swift */,
				1E4E6F1323402B1E00CE19AC /* MapVC.swift */,
				1E4E6F1123402AB400CE19AC /* AddLocationVC.swift */,
				1E549CD12374C7F30031FB46 /* SubmitLocationVC.swift */,
			);
			path = Controller;
			sourceTree = "<group>";
		};
		1E71C71F2329BE440034A1E6 /* Request */ = {
			isa = PBXGroup;
			children = (
				1EBE7F4323480CEF0049AE24 /* StudentLocation.swift */,
			);
			path = Request;
			sourceTree = "<group>";
		};
		1E71C7202329BE560034A1E6 /* Responses */ = {
			isa = PBXGroup;
			children = (
				1EBE7F45234D77CC0049AE24 /* SessionResponse.swift */,
				1EBE7F47234E9C520049AE24 /* PostLocationResponse.swift */,
				1EBE7F49234E9D070049AE24 /* PutStudentLocationResponse.swift */,
			);
			path = Responses;
			sourceTree = "<group>";
		};
		1E7828792380ACFD002E2E51 /* Delegates */ = {
			isa = PBXGroup;
			children = (
				1E78287A2380AD93002E2E51 /* ViewControlerAndTextFieldDelegate.swift */,
			);
			path = Delegates;
			sourceTree = "<group>";
		};
/* End PBXGroup section */

/* Begin PBXNativeTarget section */
		1E71C7032329BCFF0034A1E6 /* OnTheMap */ = {
			isa = PBXNativeTarget;
			buildConfigurationList = 1E71C7162329BD010034A1E6 /* Build configuration list for PBXNativeTarget "OnTheMap" */;
			buildPhases = (
				1E71C7002329BCFF0034A1E6 /* Sources */,
				1E71C7012329BCFF0034A1E6 /* Frameworks */,
				1E71C7022329BCFF0034A1E6 /* Resources */,
			);
			buildRules = (
			);
			dependencies = (
			);
			name = OnTheMap;
			productName = OnTheMap;
			productReference = 1E71C7042329BCFF0034A1E6 /* OnTheMap.app */;
			productType = "com.apple.product-type.application";
		};
/* End PBXNativeTarget section */

/* Begin PBXProject section */
		1E71C6FC2329BCFF0034A1E6 /* Project object */ = {
			isa = PBXProject;
			attributes = {
				LastSwiftUpdateCheck = 1030;
				LastUpgradeCheck = 1030;
				ORGANIZATIONNAME = none;
				TargetAttributes = {
					1E71C7032329BCFF0034A1E6 = {
						CreatedOnToolsVersion = 10.3;
					};
				};
			};
			buildConfigurationList = 1E71C6FF2329BCFF0034A1E6 /* Build configuration list for PBXProject "OnTheMap" */;
			compatibilityVersion = "Xcode 9.3";
			developmentRegion = en;
			hasScannedForEncodings = 0;
			knownRegions = (
				en,
				Base,
			);
			mainGroup = 1E71C6FB2329BCFF0034A1E6;
			productRefGroup = 1E71C7052329BCFF0034A1E6 /* Products */;
			projectDirPath = "";
			projectRoot = "";
			targets = (
				1E71C7032329BCFF0034A1E6 /* OnTheMap */,
			);
		};
/* End PBXProject section */

/* Begin PBXResourcesBuildPhase section */
		1E71C7022329BCFF0034A1E6 /* Resources */ = {
			isa = PBXResourcesBuildPhase;
			buildActionMask = 2147483647;
			files = (
				1E71C7122329BD010034A1E6 /* LaunchScreen.storyboard in Resources */,
				1E71C70F2329BD010034A1E6 /* Assets.xcassets in Resources */,
				1E71C70D2329BCFF0034A1E6 /* Main.storyboard in Resources */,
			);
			runOnlyForDeploymentPostprocessing = 0;
		};
/* End PBXResourcesBuildPhase section */

/* Begin PBXSourcesBuildPhase section */
		1E71C7002329BCFF0034A1E6 /* Sources */ = {
			isa = PBXSourcesBuildPhase;
			buildActionMask = 2147483647;
			files = (
				1EBE7F4A234E9D070049AE24 /* PutStudentLocationResponse.swift in Sources */,
				1E4E6F1023402A0400CE19AC /* LocationsListTableVC.swift in Sources */,
				1E4E6F0E234024C300CE19AC /* UdacityClient.swift in Sources */,
				1E549CD22374C7F30031FB46 /* SubmitLocationVC.swift in Sources */,
				1EBE7F4423480CEF0049AE24 /* StudentLocation.swift in Sources */,
				1E71C70A2329BCFF0034A1E6 /* LogInVC.swift in Sources */,
				1E78287B2380AD93002E2E51 /* ViewControlerAndTextFieldDelegate.swift in Sources */,
				1E4E6F1223402AB400CE19AC /* AddLocationVC.swift in Sources */,
				1EBE7F46234D77CC0049AE24 /* SessionResponse.swift in Sources */,
				1E4E6F1423402B1E00CE19AC /* MapVC.swift in Sources */,
				1E549CD0236F93660031FB46 /* LocationsData.swift in Sources */,
				1E71C7082329BCFF0034A1E6 /* AppDelegate.swift in Sources */,
				1E71C71E2329BE250034A1E6 /* ONTMClient.swift in Sources */,
				1EBE7F48234E9C520049AE24 /* PostLocationResponse.swift in Sources */,
			);
			runOnlyForDeploymentPostprocessing = 0;
		};
/* End PBXSourcesBuildPhase section */

/* Begin PBXVariantGroup section */
		1E71C70B2329BCFF0034A1E6 /* Main.storyboard */ = {
			isa = PBXVariantGroup;
			children = (
				1E71C70C2329BCFF0034A1E6 /* Base */,
			);
			name = Main.storyboard;
			sourceTree = "<group>";
		};
		1E71C7102329BD010034A1E6 /* LaunchScreen.storyboard */ = {
			isa = PBXVariantGroup;
			children = (
				1E71C7112329BD010034A1E6 /* Base */,
			);
			name = LaunchScreen.storyboard;
			sourceTree = "<group>";
		};
/* End PBXVariantGroup section */

/* Begin XCBuildConfiguration section */
		1E71C7142329BD010034A1E6 /* Debug */ = {
			isa = XCBuildConfiguration;
			buildSettings = {
				ALWAYS_SEARCH_USER_PATHS = NO;
				CLANG_ANALYZER_NONNULL = YES;
				CLANG_ANALYZER_NUMBER_OBJECT_CONVERSION = YES_AGGRESSIVE;
				CLANG_CXX_LANGUAGE_STANDARD = "gnu++14";
				CLANG_CXX_LIBRARY = "libc++";
				CLANG_ENABLE_MODULES = YES;
				CLANG_ENABLE_OBJC_ARC = YES;
				CLANG_ENABLE_OBJC_WEAK = YES;
				CLANG_WARN_BLOCK_CAPTURE_AUTORELEASING = YES;
				CLANG_WARN_BOOL_CONVERSION = YES;
				CLANG_WARN_COMMA = YES;
				CLANG_WARN_CONSTANT_CONVERSION = YES;
				CLANG_WARN_DEPRECATED_OBJC_IMPLEMENTATIONS = YES;
				CLANG_WARN_DIRECT_OBJC_ISA_USAGE = YES_ERROR;
				CLANG_WARN_DOCUMENTATION_COMMENTS = YES;
				CLANG_WARN_EMPTY_BODY = YES;
				CLANG_WARN_ENUM_CONVERSION = YES;
				CLANG_WARN_INFINITE_RECURSION = YES;
				CLANG_WARN_INT_CONVERSION = YES;
				CLANG_WARN_NON_LITERAL_NULL_CONVERSION = YES;
				CLANG_WARN_OBJC_IMPLICIT_RETAIN_SELF = YES;
				CLANG_WARN_OBJC_LITERAL_CONVERSION = YES;
				CLANG_WARN_OBJC_ROOT_CLASS = YES_ERROR;
				CLANG_WARN_RANGE_LOOP_ANALYSIS = YES;
				CLANG_WARN_STRICT_PROTOTYPES = YES;
				CLANG_WARN_SUSPICIOUS_MOVE = YES;
				CLANG_WARN_UNGUARDED_AVAILABILITY = YES_AGGRESSIVE;
				CLANG_WARN_UNREACHABLE_CODE = YES;
				CLANG_WARN__DUPLICATE_METHOD_MATCH = YES;
				CODE_SIGN_IDENTITY = "iPhone Developer";
				COPY_PHASE_STRIP = NO;
				DEBUG_INFORMATION_FORMAT = dwarf;
				ENABLE_STRICT_OBJC_MSGSEND = YES;
				ENABLE_TESTABILITY = YES;
				GCC_C_LANGUAGE_STANDARD = gnu11;
				GCC_DYNAMIC_NO_PIC = NO;
				GCC_NO_COMMON_BLOCKS = YES;
				GCC_OPTIMIZATION_LEVEL = 0;
				GCC_PREPROCESSOR_DEFINITIONS = (
					"DEBUG=1",
					"$(inherited)",
				);
				GCC_WARN_64_TO_32_BIT_CONVERSION = YES;
				GCC_WARN_ABOUT_RETURN_TYPE = YES_ERROR;
				GCC_WARN_UNDECLARED_SELECTOR = YES;
				GCC_WARN_UNINITIALIZED_AUTOS = YES_AGGRESSIVE;
				GCC_WARN_UNUSED_FUNCTION = YES;
				GCC_WARN_UNUSED_VARIABLE = YES;
				IPHONEOS_DEPLOYMENT_TARGET = 12.4;
				MTL_ENABLE_DEBUG_INFO = INCLUDE_SOURCE;
				MTL_FAST_MATH = YES;
				ONLY_ACTIVE_ARCH = YES;
				SDKROOT = iphoneos;
				SWIFT_ACTIVE_COMPILATION_CONDITIONS = DEBUG;
				SWIFT_OPTIMIZATION_LEVEL = "-Onone";
			};
			name = Debug;
		};
		1E71C7152329BD010034A1E6 /* Release */ = {
			isa = XCBuildConfiguration;
			buildSettings = {
				ALWAYS_SEARCH_USER_PATHS = NO;
				CLANG_ANALYZER_NONNULL = YES;
				CLANG_ANALYZER_NUMBER_OBJECT_CONVERSION = YES_AGGRESSIVE;
				CLANG_CXX_LANGUAGE_STANDARD = "gnu++14";
				CLANG_CXX_LIBRARY = "libc++";
				CLANG_ENABLE_MODULES = YES;
				CLANG_ENABLE_OBJC_ARC = YES;
				CLANG_ENABLE_OBJC_WEAK = YES;
				CLANG_WARN_BLOCK_CAPTURE_AUTORELEASING = YES;
				CLANG_WARN_BOOL_CONVERSION = YES;
				CLANG_WARN_COMMA = YES;
				CLANG_WARN_CONSTANT_CONVERSION = YES;
				CLANG_WARN_DEPRECATED_OBJC_IMPLEMENTATIONS = YES;
				CLANG_WARN_DIRECT_OBJC_ISA_USAGE = YES_ERROR;
				CLANG_WARN_DOCUMENTATION_COMMENTS = YES;
				CLANG_WARN_EMPTY_BODY = YES;
				CLANG_WARN_ENUM_CONVERSION = YES;
				CLANG_WARN_INFINITE_RECURSION = YES;
				CLANG_WARN_INT_CONVERSION = YES;
				CLANG_WARN_NON_LITERAL_NULL_CONVERSION = YES;
				CLANG_WARN_OBJC_IMPLICIT_RETAIN_SELF = YES;
				CLANG_WARN_OBJC_LITERAL_CONVERSION = YES;
				CLANG_WARN_OBJC_ROOT_CLASS = YES_ERROR;
				CLANG_WARN_RANGE_LOOP_ANALYSIS = YES;
				CLANG_WARN_STRICT_PROTOTYPES = YES;
				CLANG_WARN_SUSPICIOUS_MOVE = YES;
				CLANG_WARN_UNGUARDED_AVAILABILITY = YES_AGGRESSIVE;
				CLANG_WARN_UNREACHABLE_CODE = YES;
				CLANG_WARN__DUPLICATE_METHOD_MATCH = YES;
				CODE_SIGN_IDENTITY = "iPhone Developer";
				COPY_PHASE_STRIP = NO;
				DEBUG_INFORMATION_FORMAT = "dwarf-with-dsym";
				ENABLE_NS_ASSERTIONS = NO;
				ENABLE_STRICT_OBJC_MSGSEND = YES;
				GCC_C_LANGUAGE_STANDARD = gnu11;
				GCC_NO_COMMON_BLOCKS = YES;
				GCC_WARN_64_TO_32_BIT_CONVERSION = YES;
				GCC_WARN_ABOUT_RETURN_TYPE = YES_ERROR;
				GCC_WARN_UNDECLARED_SELECTOR = YES;
				GCC_WARN_UNINITIALIZED_AUTOS = YES_AGGRESSIVE;
				GCC_WARN_UNUSED_FUNCTION = YES;
				GCC_WARN_UNUSED_VARIABLE = YES;
				IPHONEOS_DEPLOYMENT_TARGET = 12.4;
				MTL_ENABLE_DEBUG_INFO = NO;
				MTL_FAST_MATH = YES;
				SDKROOT = iphoneos;
				SWIFT_COMPILATION_MODE = wholemodule;
				SWIFT_OPTIMIZATION_LEVEL = "-O";
				VALIDATE_PRODUCT = YES;
			};
			name = Release;
		};
		1E71C7172329BD010034A1E6 /* Debug */ = {
			isa = XCBuildConfiguration;
			buildSettings = {
				ASSETCATALOG_COMPILER_APPICON_NAME = AppIcon;
				CODE_SIGN_STYLE = Automatic;
				DEVELOPMENT_TEAM = M4V484KUQW;
				INFOPLIST_FILE = OnTheMap/Info.plist;
				LD_RUNPATH_SEARCH_PATHS = (
					"$(inherited)",
					"@executable_path/Frameworks",
				);
				PRODUCT_BUNDLE_IDENTIFIER = none.OnTheMap;
				PRODUCT_NAME = "$(TARGET_NAME)";
				SWIFT_VERSION = 5.0;
				TARGETED_DEVICE_FAMILY = "1,2";
			};
			name = Debug;
		};
		1E71C7182329BD010034A1E6 /* Release */ = {
			isa = XCBuildConfiguration;
			buildSettings = {
				ASSETCATALOG_COMPILER_APPICON_NAME = AppIcon;
				CODE_SIGN_STYLE = Automatic;
				DEVELOPMENT_TEAM = M4V484KUQW;
				INFOPLIST_FILE = OnTheMap/Info.plist;
				LD_RUNPATH_SEARCH_PATHS = (
					"$(inherited)",
					"@executable_path/Frameworks",
				);
				PRODUCT_BUNDLE_IDENTIFIER = none.OnTheMap;
				PRODUCT_NAME = "$(TARGET_NAME)";
				SWIFT_VERSION = 5.0;
				TARGETED_DEVICE_FAMILY = "1,2";
			};
			name = Release;
		};
/* End XCBuildConfiguration section */

/* Begin XCConfigurationList section */
		1E71C6FF2329BCFF0034A1E6 /* Build configuration list for PBXProject "OnTheMap" */ = {
			isa = XCConfigurationList;
			buildConfigurations = (
				1E71C7142329BD010034A1E6 /* Debug */,
				1E71C7152329BD010034A1E6 /* Release */,
			);
			defaultConfigurationIsVisible = 0;
			defaultConfigurationName = Release;
		};
		1E71C7162329BD010034A1E6 /* Build configuration list for PBXNativeTarget "OnTheMap" */ = {
			isa = XCConfigurationList;
			buildConfigurations = (
				1E71C7172329BD010034A1E6 /* Debug */,
				1E71C7182329BD010034A1E6 /* Release */,
			);
			defaultConfigurationIsVisible = 0;
			defaultConfigurationName = Release;
		};
/* End XCConfigurationList section */
	};
	rootObject = 1E71C6FC2329BCFF0034A1E6 /* Project object */;
}
